lockfile = 1

[[sources]]
name = "argocd"
path = "https://github.com/argoproj/argo-cd/releases/download/v3.2.3/argocd-darwin-arm64"
includes = []
excludes = []
digest = "bd4b2683005fe932123093d357e8bb2c38048e0371cd27156ebb8a83de8a9bd5"
platform = "aarch64-darwin"

[[sources]]
name = "awscli2"
path = "https://awscli.amazonaws.com/AWSCLIV2-2.33.1.pkg"
includes = []
excludes = []
digest = "7debfa42bc88109f226700e6c2620ef19497d51932d9d6d8859791fd5f470b20"
platform = "aarch64-darwin"

[[sources]]
name = "bat"
path = "https://github.com/sharkdp/bat/releases/download/v0.25.0/bat-v0.25.0-aarch64-apple-darwin.tar.gz"
includes = []
excludes = []
digest = "3abca7df1be4d52ef37ccd22f0b01da87f149f4ca1f74633d53deba87d98b078"
platform = "aarch64-darwin"

[[sources]]
name = "beads"
path = "https://github.com/steveyegge/beads/releases/download/v0.47.1/beads_0.47.1_darwin_arm64.tar.gz"
includes = []
excludes = []
digest = "de65e35a1cc0dad8a438c57011e40153abf7a42a29b1edde5f1a33981c0dc919"
platform = "aarch64-darwin"

[[sources]]
name = "bottom"
path = "https://github.com/ClementTsang/bottom/releases/download/0.11.1/bottom_aarch64-apple-darwin.tar.gz"
includes = []
excludes = []
digest = "baefba5765f348b83567b41101960588d2ae04512ecaf4f65ecd01ad3b67dfcc"
platform = "aarch64-darwin"

[[sources]]
name = "cargo"
path = "https://static.rust-lang.org/dist/cargo-1.93.1-aarch64-apple-darwin.tar.gz"
includes = []
excludes = []
digest = "ad2506123158e906da7e118e4077dfca5995ee120e2693444a3647b7249be808"
platform = "aarch64-darwin"

[[sources]]
name = "clippy"
path = "https://static.rust-lang.org/dist/clippy-1.93.1-aarch64-apple-darwin.tar.gz"
includes = []
excludes = []
digest = "098f2d1d808bc417bfa1dc63419ffedb1781ca65dd780858c0f8f67e9decb57b"
platform = "aarch64-darwin"

[[sources]]
name = "cmake"
path = "https://github.com/Kitware/CMake/releases/download/v4.2.3/cmake-4.2.3-macos-universal.tar.gz"
includes = []
excludes = []
digest = "0a581d07b2545bc00e9c2ea0c52f2d353ceb5dd365eeeecb5dbe1b8599a61eff"
platform = "aarch64-darwin"

[[sources]]
name = "crane"
path = "https://github.com/google/go-containerregistry/archive/refs/tags/v0.20.7.tar.gz"
includes = []
excludes = []
digest = "e61f88c967db41f46cd0b7852b7dbedeef4f286fae7613fbb8aff7aa0a35d848"
platform = "aarch64-darwin"

[[sources]]
name = "cue"
path = "https://github.com/cue-lang/cue/releases/download/v0.15.1/cue_v0.15.1_darwin_arm64.tar.gz"
includes = []
excludes = []
digest = "b22048682013f1d2e1e3fe2ecadf6fb4c1c87232283d18f07d8e148b3791d68e"
platform = "aarch64-darwin"

[[sources]]
name = "direnv"
path = "https://github.com/direnv/direnv/releases/download/v2.37.1/direnv.darwin-arm64"
includes = []
excludes = []
digest = "8204ab746effc28aa1dd329c50b585e86ff322607f255bea09e2bd654b4fcdb8"
platform = "aarch64-darwin"

[[sources]]
name = "doppler"
path = "https://github.com/DopplerHQ/cli/releases/download/3.75.1/doppler_3.75.1_macOS_arm64.tar.gz"
includes = []
excludes = []
digest = "cc2860da598bb056f8f1a11a781f56ddf194ab3b2b5976a881b93465ec0d2274"
platform = "aarch64-darwin"

[[sources]]
name = "fd"
path = "https://github.com/sharkdp/fd/releases/download/v10.2.0/fd-v10.2.0-aarch64-apple-darwin.tar.gz"
includes = []
excludes = []
digest = "0908501901ff99232aa75a18bf9409e80dae10742dc3759a67249bca5a459490"
platform = "aarch64-darwin"

[[sources]]
name = "ffmpeg"
path = "https://ffmpeg.org/releases/ffmpeg-8.0.1.tar.xz"
includes = []
excludes = []
digest = "721afb68d781b501c854d9d6193e357415bda37c27fb1051bd73e15ad6d3b309"
platform = "aarch64-darwin"

[[sources]]
name = "fluxcd"
path = "https://github.com/fluxcd/flux2/releases/download/v2.7.5/flux_2.7.5_darwin_arm64.tar.gz"
includes = []
excludes = []
digest = "ecedc4b5837e842153c6f8b1723b39481a847c980d8c79f80a50d15d29cc30d2"
platform = "aarch64-darwin"

[[sources]]
name = "git"
path = "https://www.kernel.org/pub/software/scm/git/git-2.53.0.tar.gz"
includes = []
excludes = []
digest = "4c08acf32a9dd52cb4f64d1835bade4128af51dd85742245987643cde0aeb9b1"
platform = "aarch64-darwin"

[[sources]]
name = "glow"
path = "https://github.com/charmbracelet/glow/releases/download/v2.1.1/glow_2.1.1_Darwin_arm64.tar.gz"
includes = []
excludes = []
digest = "74524e358516c2e398b77a9f7ac6341d09c68adb6dd60ee132444c7c3d61d515"
platform = "aarch64-darwin"

[[sources]]
name = "go"
path = "https://go.dev/dl/go1.26.0.darwin-arm64.tar.gz"
includes = []
excludes = []
digest = "83d3ebad7958766647de4d3a8a1b2d3860da607632ac07889085b933e3e97f0f"
platform = "aarch64-darwin"

[[sources]]
name = "golangci-lint"
path = "https://github.com/golangci/golangci-lint/releases/download/v2.7.2/golangci-lint-2.7.2-darwin-arm64.tar.gz"
includes = []
excludes = []
digest = "5b7e0183ef994ccb5449df34a9c6d119ded02b840f1961cedc03e169c1d53239"
platform = "aarch64-darwin"

[[sources]]
name = "gpg"
path = "https://gnupg.org/ftp/gcrypt/gnupg/gnupg-2.5.16.tar.bz2"
includes = []
excludes = []
digest = "d98a7b45f3f70343ae9ba0bab82f3b6553291036c4953c26d7b149544a73f927"
platform = "aarch64-darwin"

[[sources]]
name = "helm"
path = "https://get.helm.sh/helm-v4.0.4-darwin-arm64.tar.gz"
includes = []
excludes = []
digest = "17b33b5b816e1353b1b4d9071b1306960e5670e430fa5df4b4ea57f7100f85f4"
platform = "aarch64-darwin"

[[sources]]
name = "jj"
path = "https://github.com/jj-vcs/jj/releases/download/v0.37.0/jj-v0.37.0-aarch64-apple-darwin.tar.gz"
includes = []
excludes = []
digest = "1550c0eb485b0887aa2bfbc1b071836773d3c53459b2fa0bba8b8a4ce68c4523"
platform = "aarch64-darwin"

[[sources]]
name = "jq"
path = "https://github.com/jqlang/jq/releases/download/jq-1.8.1/jq-macos-arm64"
includes = []
excludes = []
digest = "718c0fbb8f728c4b62cac2e65dba61cbdf2eed5e7eff38681097ec7b04dd815a"
platform = "aarch64-darwin"

[[sources]]
name = "json-c"
path = "https://github.com/json-c/json-c/archive/refs/tags/json-c-0.18-20240915.tar.gz"
includes = []
excludes = []
digest = "e11a320ef7d6cab0fdb8a1d6f760b7b9c328eaf851b8b233dd0ded77c9d59278"
platform = "aarch64-darwin"

[[sources]]
name = "just"
path = "https://github.com/casey/just/releases/download/1.45.0/just-1.45.0-aarch64-apple-darwin.tar.gz"
includes = []
excludes = []
digest = "8f34d86872a3a379ca58b96f1d5c2cf06076212fc8c1f8e4edbc794c523f4f49"
platform = "aarch64-darwin"

[[sources]]
name = "k9s"
path = "https://github.com/derailed/k9s/releases/download/v0.50.18/k9s_Darwin_arm64.tar.gz"
includes = []
excludes = []
digest = "c27c31b3c2caab9209b54d9e5e61cbd8c39a112c84e076c3a1f6c376fa05e1b3"
platform = "aarch64-darwin"

[[sources]]
name = "kn"
path = "https://github.com/knative/client/releases/download/knative-v1.20.0/kn-darwin-arm64"
includes = []
excludes = []
digest = "c5cca3e1326e263a50278407fb8688f8cb677bcd65a49d3ad6b6721cbf9d1ae5"
platform = "aarch64-darwin"

[[sources]]
name = "kubectl"
path = "https://dl.k8s.io/release/v1.35.0/bin/darwin/arm64/kubectl"
includes = []
excludes = []
digest = "d1f8429a0744371b107f4d1a6259f6468f5ceaebb3bd209edf0a811820a2cc2d"
platform = "aarch64-darwin"

[[sources]]
name = "kubeseal"
path = "https://github.com/bitnami-labs/sealed-secrets/releases/download/v0.34.0/kubeseal-0.34.0-darwin-arm64.tar.gz"
includes = []
excludes = []
digest = "5e29215d8bc7eb4713d6cb7c609bd8d0a4c8c2648b009492ea59135569359a77"
platform = "aarch64-darwin"

[[sources]]
name = "lazygit"
path = "https://github.com/jesseduffield/lazygit/releases/download/v0.44.1/lazygit_0.44.1_Darwin_arm64.tar.gz"
includes = []
excludes = []
digest = "42dd9183e9692a5a73ad4dfa109f06e67c1c7cd172afdb3d66a1fc4a5ee4c892"
platform = "aarch64-darwin"

[[sources]]
name = "libassuan"
path = "https://gnupg.org/ftp/gcrypt/libassuan/libassuan-3.0.2.tar.bz2"
includes = []
excludes = []
digest = "b2263b91ed3e1d3d4db7fd09c2eb756b25d2af7e12928871846f14191425dd15"
platform = "aarch64-darwin"

[[sources]]
name = "libevent"
path = "https://github.com/libevent/libevent/releases/download/release-2.1.12-stable/libevent-2.1.12-stable.tar.gz"
includes = []
excludes = []
digest = "22fdbe5a18db114046227ccde47cc8fbe11fa9ee2170b235f949275a161853ee"
platform = "aarch64-darwin"

[[sources]]
name = "libgcrypt"
path = "https://gnupg.org/ftp/gcrypt/libgcrypt/libgcrypt-1.11.0.tar.bz2"
includes = []
excludes = []
digest = "5a3cb0f1e809283b38869c57dfb3b66acd319e98f9cf1c026ba28e9d442fdf8e"
platform = "aarch64-darwin"

[[sources]]
name = "libgpg-error"
path = "https://gnupg.org/ftp/gcrypt/libgpg-error/libgpg-error-1.56.tar.bz2"
includes = []
excludes = []
digest = "05928e189eeca1e71bff14fd395abe8f36e9b8a02b3bdfc735770181b70aecd2"
platform = "aarch64-darwin"

[[sources]]
name = "libksba"
path = "https://gnupg.org/ftp/gcrypt/libksba/libksba-1.6.7.tar.bz2"
includes = []
excludes = []
digest = "d4392077dde893b704c72b6b37dbfc4abfad36032e0dfd2066edb22b27183b10"
platform = "aarch64-darwin"

[[sources]]
name = "libuv"
path = "https://github.com/libuv/libuv/archive/refs/tags/v1.52.0.tar.gz"
includes = []
excludes = []
digest = "32d2486edb49f99004a39ea8b472ac68b0b38ff3d364c7391edf38fd6b5db13f"
platform = "aarch64-darwin"

[[sources]]
name = "libwebsockets"
path = "https://github.com/warmcat/libwebsockets/archive/refs/tags/v4.5.2.tar.gz"
includes = []
excludes = []
digest = "61c0a1af5787ca0bb73cbb51d15e4aabd083ab93b17bb3a2159aac31038a515a"
platform = "aarch64-darwin"

[[sources]]
name = "lima"
path = "https://github.com/lima-vm/lima/releases/download/v2.0.3/lima-2.0.3-Darwin-arm64.tar.gz"
includes = []
excludes = []
digest = "2d9892c27ff2acb4a4363443cb2a1ad87968fd1a6c49fc112e38f4e0764a6c1a"
platform = "aarch64-darwin"

[[sources]]
name = "mbedtls"
path = "https://github.com/Mbed-TLS/mbedtls/releases/download/mbedtls-3.6.5/mbedtls-3.6.5.tar.bz2"
includes = []
excludes = []
digest = "70e07a39da6c6bd8c4591ab5d4ecf5fa7d37c566697dbdb478f46934f8961138"
platform = "aarch64-darwin"

[[sources]]
name = "ncurses"
path = "https://invisible-mirror.net/archives/ncurses/current/ncurses-6.5-20250809.tgz"
includes = []
excludes = []
digest = "e67077219f4e56cc6cc56958104a9271871ef65ef7985081aced1fd5024f9f47"
platform = "aarch64-darwin"

[[sources]]
name = "neovim"
path = "https://github.com/neovim/neovim/releases/download/v0.11.5/nvim-macos-arm64.tar.gz"
includes = []
excludes = []
digest = "da3c22a264be57f9aa55f1596360f5d599e57d2f447c3e8fbe54782c762709ae"
platform = "aarch64-darwin"

[[sources]]
name = "nginx"
path = "https://github.com/nginx/nginx/archive/refs/tags/release-1.27.5.tar.gz"
includes = []
excludes = []
digest = "35764d85e27eac8e8c9eebfe6c5a593224ef63fdd1f2ea0916bf8b4d2335acc0"
platform = "aarch64-darwin"

[[sources]]
name = "nnn"
path = "https://github.com/jarun/nnn/archive/refs/tags/v5.1.tar.gz"
includes = []
excludes = []
digest = "a0a9e0cff52847ffdd91673adc7dffbda2177e67a87d7fdba5717c898ea0518f"
platform = "aarch64-darwin"

[[sources]]
name = "npth"
path = "https://gnupg.org/ftp/gcrypt/npth/npth-1.8.tar.bz2"
includes = []
excludes = []
digest = "a2b6cb020468c58784331757133a7112dbe838d227f8bec3a01382909efa1b63"
platform = "aarch64-darwin"

[[sources]]
name = "openapi-generator-cli"
path = "https://repo1.maven.org/maven2/org/openapitools/openapi-generator-cli/7.18.0/openapi-generator-cli-7.18.0.jar"
includes = []
excludes = []
digest = "1b456d6486772837afb3419ea13ed20a91567b85b5ef1771bba4d8b3ab7c530c"
platform = "aarch64-darwin"

[[sources]]
name = "openjdk"
path = "https://download.java.net/java/GA/jdk25.0.1/2fbf10d8c78e40bd87641c434705079d/8/GPL/openjdk-25.0.1_macos-aarch64_bin.tar.gz"
includes = []
excludes = []
digest = "af75905894be8d3cc29e9494a352f60fcdaa62b1993281619061a5097eaf6d7b"
platform = "aarch64-darwin"

[[sources]]
name = "pkg-config"
path = "https://pkgconfig.freedesktop.org/releases/pkg-config-0.29.2.tar.gz"
includes = []
excludes = []
digest = "db043f5df7971d9bf97a81c75a46c4656e1a6235c05edad48d11a9314df5363f"
platform = "aarch64-darwin"

[[sources]]
name = "protoc"
path = "https://github.com/protocolbuffers/protobuf/releases/download/v34.0/protoc-34.0-osx-aarch_64.zip"
includes = []
excludes = []
digest = "f45e1434669e1f88fd6f7ebf750388ef3135f5477fd7e34d7531e3c18f4751f3"
platform = "aarch64-darwin"

[[sources]]
name = "readline"
path = "https://ftpmirror.gnu.org/readline/readline-8.2.tar.gz"
includes = []
excludes = []
digest = "bd548669e2e324cf1450a04897779301c20f6ccb161f2f6ede7584cab56ce83f"
platform = "aarch64-darwin"

[[sources]]
name = "ripgrep"
path = "https://github.com/BurntSushi/ripgrep/releases/download/14.1.1/ripgrep-14.1.1-aarch64-apple-darwin.tar.gz"
includes = []
excludes = []
digest = "eb0c1779060a651e1288e5a3a6f3d5e3460a2955b64f9d71feefa444ceb52b54"
platform = "aarch64-darwin"

[[sources]]
name = "rust-analyzer"
path = "https://static.rust-lang.org/dist/rust-analyzer-1.93.1-aarch64-apple-darwin.tar.gz"
includes = []
excludes = []
digest = "5389db13945d33e320e4ddb44c558fda83923ceeac0d9931d6deae8ec2373bd6"
platform = "aarch64-darwin"

[[sources]]
name = "rust-src"
path = "https://static.rust-lang.org/dist/rust-src-1.93.1.tar.gz"
includes = []
excludes = []
digest = "52da4bcd8bd8e2d0ae2635e1503efa8f5838bd18958b983d52336d73896e7172"
platform = "aarch64-darwin"

[[sources]]
name = "rust-std"
path = "https://static.rust-lang.org/dist/rust-std-1.93.1-aarch64-apple-darwin.tar.gz"
includes = []
excludes = []
digest = "0db6b692d4782e80abd92bd18a1f0797229472c62f40417cdc975fb8f3413ee3"
platform = "aarch64-darwin"

[[sources]]
name = "rustc"
path = "https://static.rust-lang.org/dist/rustc-1.93.1-aarch64-apple-darwin.tar.gz"
includes = []
excludes = []
digest = "53c9d5b83e6f2c6b826d29043e36c104a179cc8eeb354424d1799632ec82bd3a"
platform = "aarch64-darwin"

[[sources]]
name = "rustfmt"
path = "https://static.rust-lang.org/dist/rustfmt-1.93.1-aarch64-apple-darwin.tar.gz"
includes = []
excludes = []
digest = "17b27bfbf46861bc587e5dc0e04fbc32cbd02f9b111867ffc79653261de7796a"
platform = "aarch64-darwin"

[[sources]]
name = "skopeo"
path = "https://github.com/containers/skopeo/archive/refs/tags/v1.21.0.tar.gz"
includes = []
excludes = []
digest = "70de9e62ca875d9d8c4c698fcc8bc27a3bf952ff949eb6a15c6bfdc66a7b003f"
platform = "aarch64-darwin"

[[sources]]
name = "sqlite3"
path = "https://www.sqlite.org/2026/sqlite-autoconf-3510200.tar.gz"
includes = []
excludes = []
digest = "77b34b4a8179c19fb2542d6f9de8df8f9a8d816a7baf0bc157b08284153c5d3d"
platform = "aarch64-darwin"

[[sources]]
name = "starship"
path = "https://github.com/starship/starship/releases/download/v1.21.1/starship-aarch64-apple-darwin.tar.gz"
includes = []
excludes = []
digest = "38aa27a0ae3eed8a6ebf1039caf1b01dd849380fd26f41bcad989476665251ee"
platform = "aarch64-darwin"

[[sources]]
name = "terraform"
path = "https://releases.hashicorp.com/terraform/1.13.1/terraform_1.13.1_darwin_arm64.zip"
includes = []
excludes = []
digest = "a67245b7b54156f38f6df535e4bdf0154195f1a47a0a0bf692d4f80f260d200b"
platform = "aarch64-darwin"

[[sources]]
name = "tmux"
path = "https://github.com/tmux/tmux/releases/download/3.5a/tmux-3.5a.tar.gz"
includes = []
excludes = []
digest = "70691bfbbe623d25d99561192dfb52211ca7e1fa120271c57ae56fe24ca97521"
platform = "aarch64-darwin"

[[sources]]
name = "ttyd"
path = "https://github.com/tsl0922/ttyd/archive/refs/tags/1.7.7.tar.gz"
includes = []
excludes = []
digest = "cc01828c5c863fa5c0e46bd66da7a27ba588c81c57e2580fe0f7f7ba31114bae"
platform = "aarch64-darwin"

[[sources]]
name = "umoci"
path = "https://github.com/opencontainers/umoci/archive/refs/tags/v0.6.0.tar.gz"
includes = []
excludes = []
digest = "4c99239fccaf6bee3a50a76fa89289210bee06d2b65747587f73b843dced1599"
platform = "aarch64-darwin"

[[sources]]
name = "vhs"
path = "https://github.com/charmbracelet/vhs/releases/download/v0.10.0/vhs_0.10.0_Darwin_arm64.tar.gz"
includes = []
excludes = []
digest = "9546938042c798bcee980f06270330e6dbf03c40faab5e2bafff1eaa94c720d5"
platform = "aarch64-darwin"

[[sources]]
name = "yq"
path = "https://github.com/mikefarah/yq/releases/download/v4.50.1/yq_darwin_arm64.tar.gz"
includes = []
excludes = []
digest = "912df91581dee3a047324b107a08977d1d51a55b099a6690dc832c6fc7eac100"
platform = "aarch64-darwin"

[[sources]]
name = "zsh"
path = "https://downloads.sourceforge.net/project/zsh/zsh/5.9/zsh-5.9.tar.xz"
includes = []
excludes = []
digest = "375c3a34bd2233f8aa0f49573d2e57947d63e50668aefcd4988ce769bf017f9d"
platform = "aarch64-darwin"
